
Microsoft Visual Studio Solution File, Format Version 12.00
# Visual Studio Version 17
VisualStudioVersion = 17.14.36408.4 d17.14
MinimumVisualStudioVersion = 10.0.40219.1
Project("{FAE04EC0-301F-11D3-BF4B-00C04F79EFBC}") = "MineSweeper", "MineSweeper\MineSweeper.csproj", "{6B4525FC-9280-417D-AA66-831CB8B47103}"
EndProject
Global
	GlobalSection(SolutionConfigurationPlatforms) = preSolution
		Debug|Any CPU = Debug|Any CPU
		Release|Any CPU = Release|Any CPU
	EndGlobalSection
	GlobalSection(ProjectConfigurationPlatforms) = postSolution
		{6B4525FC-9280-417D-AA66-831CB8B47103}.Debug|Any CPU.ActiveCfg = Debug|Any CPU
		{6B4525FC-9280-417D-AA66-831CB8B47103}.Debug|Any CPU.Build.0 = Debug|Any CPU
		{6B4525FC-9280-417D-AA66-831CB8B47103}.Release|Any CPU.ActiveCfg = Release|Any CPU
		{6B4525FC-9280-417D-AA66-831CB8B47103}.Release|Any CPU.Build.0 = Release|Any CPU
	EndGlobalSection
	GlobalSection(SolutionProperties) = preSolution
		HideSolutionNode = FALSE
	EndGlobalSection
	GlobalSection(ExtensibilityGlobals) = postSolution
		SolutionGuid = {631CF87C-0CDB-4231-AC93-A080A60A29C6}
	EndGlobalSection
EndGlobal
